
Microsoft Visual Studio Solution File, Format Version 12.00
# Visual Studio Version 16
VisualStudioVersion = 25.0.1705.0
MinimumVisualStudioVersion = 10.0.40219.1
Project("{FAE04EC0-301F-11D3-BF4B-00C04F79EFBC}") = "BACKENDAPI", "BACKENDAPI\BACKENDAPI.csproj", "{398BEB42-10AB-4712-8668-95333C452780}"
EndProject
Global
	GlobalSection(SolutionConfigurationPlatforms) = preSolution
		Debug|Any CPU = Debug|Any CPU
		Release|Any CPU = Release|Any CPU
	EndGlobalSection
	GlobalSection(ProjectConfigurationPlatforms) = postSolution
		{398BEB42-10AB-4712-8668-95333C452780}.Debug|Any CPU.ActiveCfg = Debug|Any CPU
		{398BEB42-10AB-4712-8668-95333C452780}.Debug|Any CPU.Build.0 = Debug|Any CPU
		{398BEB42-10AB-4712-8668-95333C452780}.Release|Any CPU.ActiveCfg = Release|Any CPU
		{398BEB42-10AB-4712-8668-95333C452780}.Release|Any CPU.Build.0 = Release|Any CPU
	EndGlobalSection
	GlobalSection(SolutionProperties) = preSolution
		HideSolutionNode = FALSE
	EndGlobalSection
	GlobalSection(ExtensibilityGlobals) = postSolution
		SolutionGuid = {9C6455DD-BD18-44A9-ACE2-85A0C6083611}
	EndGlobalSection
EndGlobal
